
Microsoft Visual Studio Solution File, Format Version 12.00
# Visual Studio Version 17
VisualStudioVersion = 17.14.36811.4 d17.14
MinimumVisualStudioVersion = 10.0.40219.1
Project("{FAE04EC0-301F-11D3-BF4B-00C04F79EFBC}") = "Web-Api-Space", "Web-Api-Space\Web-Api-Space.csproj", "{6FF4EDA5-8E0C-4A16-BBC3-945E92324297}"
EndProject
Project("{FAE04EC0-301F-11D3-BF4B-00C04F79EFBC}") = "SMCSB.Data", "SMCSB.Data\SMCSB.Data.csproj", "{7875486C-B3A7-4F9A-AE5F-39680232B716}"
EndProject
Project("{FAE04EC0-301F-11D3-BF4B-00C04F79EFBC}") = "SMCSB.Service", "SMCSB.Service\SMCSB.Service.csproj", "{288048BB-83DE-4542-840F-C6E271F61DA2}"
EndProject
Global
	GlobalSection(SolutionConfigurationPlatforms) = preSolution
		Debug|Any CPU = Debug|Any CPU
		Release|Any CPU = Release|Any CPU
	EndGlobalSection
	GlobalSection(ProjectConfigurationPlatforms) = postSolution
		{6FF4EDA5-8E0C-4A16-BBC3-945E92324297}.Debug|Any CPU.ActiveCfg = Debug|Any CPU
		{6FF4EDA5-8E0C-4A16-BBC3-945E92324297}.Debug|Any CPU.Build.0 = Debug|Any CPU
		{6FF4EDA5-8E0C-4A16-BBC3-945E92324297}.Release|Any CPU.ActiveCfg = Release|Any CPU
		{6FF4EDA5-8E0C-4A16-BBC3-945E92324297}.Release|Any CPU.Build.0 = Release|Any CPU
		{7875486C-B3A7-4F9A-AE5F-39680232B716}.Debug|Any CPU.ActiveCfg = Debug|Any CPU
		{7875486C-B3A7-4F9A-AE5F-39680232B716}.Debug|Any CPU.Build.0 = Debug|Any CPU
		{7875486C-B3A7-4F9A-AE5F-39680232B716}.Release|Any CPU.ActiveCfg = Release|Any CPU
		{7875486C-B3A7-4F9A-AE5F-39680232B716}.Release|Any CPU.Build.0 = Release|Any CPU
		{288048BB-83DE-4542-840F-C6E271F61DA2}.Debug|Any CPU.ActiveCfg = Debug|Any CPU
		{288048BB-83DE-4542-840F-C6E271F61DA2}.Debug|Any CPU.Build.0 = Debug|Any CPU
		{288048BB-83DE-4542-840F-C6E271F61DA2}.Release|Any CPU.ActiveCfg = Release|Any CPU
		{288048BB-83DE-4542-840F-C6E271F61DA2}.Release|Any CPU.Build.0 = Release|Any CPU
	EndGlobalSection
	GlobalSection(SolutionProperties) = preSolution
		HideSolutionNode = FALSE
	EndGlobalSection
	GlobalSection(ExtensibilityGlobals) = postSolution
		SolutionGuid = {D09B13AC-1C3F-404E-8764-3255EA378D5D}
	EndGlobalSection
EndGlobal
